
Microsoft Visual Studio Solution File, Format Version 12.00
# Visual Studio Version 16
VisualStudioVersion = 16.0.29613.14
MinimumVisualStudioVersion = 10.0.40219.1
Project("{FAE04EC0-301F-11D3-BF4B-00C04F79EFBC}") = "nguentanthuan_lab456", "nguentanthuan_lab456\nguentanthuan_lab456.csproj", "{9F9EB3D5-0ABB-4DCC-A31A-7DB95A900627}"
EndProject
Global
	GlobalSection(SolutionConfigurationPlatforms) = preSolution
		Debug|Any CPU = Debug|Any CPU
		Release|Any CPU = Release|Any CPU
	EndGlobalSection
	GlobalSection(ProjectConfigurationPlatforms) = postSolution
		{9F9EB3D5-0ABB-4DCC-A31A-7DB95A900627}.Debug|Any CPU.ActiveCfg = Debug|Any CPU
		{9F9EB3D5-0ABB-4DCC-A31A-7DB95A900627}.Debug|Any CPU.Build.0 = Debug|Any CPU
		{9F9EB3D5-0ABB-4DCC-A31A-7DB95A900627}.Release|Any CPU.ActiveCfg = Release|Any CPU
		{9F9EB3D5-0ABB-4DCC-A31A-7DB95A900627}.Release|Any CPU.Build.0 = Release|Any CPU
	EndGlobalSection
	GlobalSection(SolutionProperties) = preSolution
		HideSolutionNode = FALSE
	EndGlobalSection
	GlobalSection(ExtensibilityGlobals) = postSolution
		SolutionGuid = {0849CBE9-B39A-41F6-933A-1ECCFF96910C}
	EndGlobalSection
EndGlobal
